// !$*UTF8*$!
{
	archiveVersion = 1;
	classes = {
	};
	objectVersion = 46;
	objects = {

/* Begin PBXBuildFile section */
		2C53281A1E2A5FDD00F6FD71 /* AppDelegate.swift in Sources */ = {isa = PBXBuildFile; fileRef = 2C5328191E2A5FDD00F6FD71 /* AppDelegate.swift */; };
		2C53281C1E2A5FDD00F6FD71 /* ViewController.swift in Sources */ = {isa = PBXBuildFile; fileRef = 2C53281B1E2A5FDD00F6FD71 /* ViewController.swift */; };
		2C53281F1E2A5FDD00F6FD71 /* Main.storyboard in Resources */ = {isa = PBXBuildFile; fileRef = 2C53281D1E2A5FDD00F6FD71 /* Main.storyboard */; };
		2C5328221E2A5FDD00F6FD71 /* Rates.xcdatamodeld in Sources */ = {isa = PBXBuildFile; fileRef = 2C5328201E2A5FDD00F6FD71 /* Rates.xcdatamodeld */; };
		2C5328241E2A5FDD00F6FD71 /* Assets.xcassets in Resources */ = {isa = PBXBuildFile; fileRef = 2C5328231E2A5FDD00F6FD71 /* Assets.xcassets */; };
		2C5328271E2A5FDD00F6FD71 /* LaunchScreen.storyboard in Resources */ = {isa = PBXBuildFile; fileRef = 2C5328251E2A5FDD00F6FD71 /* LaunchScreen.storyboard */; };
		2C53282F1E2A69D700F6FD71 /* DataStack.swift in Sources */ = {isa = PBXBuildFile; fileRef = 2C53282E1E2A69D700F6FD71 /* DataStack.swift */; };
/* End PBXBuildFile section */

/* Begin PBXFileReference section */
		2C5328161E2A5FDD00F6FD71 /* Rates.app */ = {isa = PBXFileReference; explicitFileType = wrapper.application; includeInIndex = 0; path = Rates.app; sourceTree = BUILT_PRODUCTS_DIR; };
		2C5328191E2A5FDD00F6FD71 /* AppDelegate.swift */ = {isa = PBXFileReference; lastKnownFileType = sourcecode.swift; path = AppDelegate.swift; sourceTree = "<group>"; };
		2C53281B1E2A5FDD00F6FD71 /* ViewController.swift */ = {isa = PBXFileReference; lastKnownFileType = sourcecode.swift; path = ViewController.swift; sourceTree = "<group>"; };
		2C53281E1E2A5FDD00F6FD71 /* Base */ = {isa = PBXFileReference; lastKnownFileType = file.storyboard; name = Base; path = Base.lproj/Main.storyboard; sourceTree = "<group>"; };
		2C5328211E2A5FDD00F6FD71 /* Rates.xcdatamodel */ = {isa = PBXFileReference; lastKnownFileType = wrapper.xcdatamodel; path = Rates.xcdatamodel; sourceTree = "<group>"; };
		2C5328231E2A5FDD00F6FD71 /* Assets.xcassets */ = {isa = PBXFileReference; lastKnownFileType = folder.assetcatalog; path = Assets.xcassets; sourceTree = "<group>"; };
		2C5328261E2A5FDD00F6FD71 /* Base */ = {isa = PBXFileReference; lastKnownFileType = file.storyboard; name = Base; path = Base.lproj/LaunchScreen.storyboard; sourceTree = "<group>"; };
		2C5328281E2A5FDD00F6FD71 /* Info.plist */ = {isa = PBXFileReference; lastKnownFileType = text.plist.xml; path = Info.plist; sourceTree = "<group>"; };
		2C53282E1E2A69D700F6FD71 /* DataStack.swift */ = {isa = PBXFileReference; fileEncoding = 4; lastKnownFileType = sourcecode.swift; path = DataStack.swift; sourceTree = "<group>"; };
/* End PBXFileReference section */

/* Begin PBXFrameworksBuildPhase section */
		2C5328131E2A5FDD00F6FD71 /* Frameworks */ = {
			isa = PBXFrameworksBuildPhase;
			buildActionMask = 2147483647;
			files = (
			);
			runOnlyForDeploymentPostprocessing = 0;
		};
/* End PBXFrameworksBuildPhase section */

/* Begin PBXGroup section */
		2C53280D1E2A5FDD00F6FD71 = {
			isa = PBXGroup;
			children = (
				2C5328181E2A5FDD00F6FD71 /* Rates */,
				2C5328171E2A5FDD00F6FD71 /* Products */,
			);
			sourceTree = "<group>";
		};
		2C5328171E2A5FDD00F6FD71 /* Products */ = {
			isa = PBXGroup;
			children = (
				2C5328161E2A5FDD00F6FD71 /* Rates.app */,
			);
			name = Products;
			sourceTree = "<group>";
		};
		2C5328181E2A5FDD00F6FD71 /* Rates */ = {
			isa = PBXGroup;
			children = (
				2C5328191E2A5FDD00F6FD71 /* AppDelegate.swift */,
				2C53281B1E2A5FDD00F6FD71 /* ViewController.swift */,
				2C53281D1E2A5FDD00F6FD71 /* Main.storyboard */,
				2C5328231E2A5FDD00F6FD71 /* Assets.xcassets */,
				2C5328251E2A5FDD00F6FD71 /* LaunchScreen.storyboard */,
				2C5328281E2A5FDD00F6FD71 /* Info.plist */,
				2C5328201E2A5FDD00F6FD71 /* Rates.xcdatamodeld */,
				2C53282E1E2A69D700F6FD71 /* DataStack.swift */,
			);
			path = Rates;
			sourceTree = "<group>";
		};
/* End PBXGroup section */

/* Begin PBXNativeTarget section */
		2C5328151E2A5FDD00F6FD71 /* Rates */ = {
			isa = PBXNativeTarget;
			buildConfigurationList = 2C53282B1E2A5FDE00F6FD71 /* Build configuration list for PBXNativeTarget "Rates" */;
			buildPhases = (
				2C5328121E2A5FDD00F6FD71 /* Sources */,
				2C5328131E2A5FDD00F6FD71 /* Frameworks */,
				2C5328141E2A5FDD00F6FD71 /* Resources */,
			);
			buildRules = (
			);
			dependencies = (
			);
			name = Rates;
			productName = Rates;
			productReference = 2C5328161E2A5FDD00F6FD71 /* Rates.app */;
			productType = "com.apple.product-type.application";
		};
/* End PBXNativeTarget section */

/* Begin PBXProject section */
		2C53280E1E2A5FDD00F6FD71 /* Project object */ = {
			isa = PBXProject;
			attributes = {
				LastSwiftUpdateCheck = 0820;
				LastUpgradeCheck = 0820;
				ORGANIZATIONNAME = Dmitriy;
				TargetAttributes = {
					2C5328151E2A5FDD00F6FD71 = {
						CreatedOnToolsVersion = 8.2.1;
						DevelopmentTeam = 292K3XX9N4;
						ProvisioningStyle = Automatic;
					};
				};
			};
			buildConfigurationList = 2C5328111E2A5FDD00F6FD71 /* Build configuration list for PBXProject "Rates" */;
			compatibilityVersion = "Xcode 3.2";
			developmentRegion = English;
			hasScannedForEncodings = 0;
			knownRegions = (
				en,
				Base,
			);
			mainGroup = 2C53280D1E2A5FDD00F6FD71;
			productRefGroup = 2C5328171E2A5FDD00F6FD71 /* Products */;
			projectDirPath = "";
			projectRoot = "";
			targets = (
				2C5328151E2A5FDD00F6FD71 /* Rates */,
			);
		};
/* End PBXProject section */

/* Begin PBXResourcesBuildPhase section */
		2C5328141E2A5FDD00F6FD71 /* Resources */ = {
			isa = PBXResourcesBuildPhase;
			buildActionMask = 2147483647;
			files = (
				2C5328271E2A5FDD00F6FD71 /* LaunchScreen.storyboard in Resources */,
				2C5328241E2A5FDD00F6FD71 /* Assets.xcassets in Resources */,
				2C53281F1E2A5FDD00F6FD71 /* Main.storyboard in Resources */,
			);
			runOnlyForDeploymentPostprocessing = 0;
		};
/* End PBXResourcesBuildPhase section */

/* Begin PBXSourcesBuildPhase section */
		2C5328121E2A5FDD00F6FD71 /* Sources */ = {
			isa = PBXSourcesBuildPhase;
			buildActionMask = 2147483647;
			files = (
				2C53281C1E2A5FDD00F6FD71 /* ViewController.swift in Sources */,
				2C5328221E2A5FDD00F6FD71 /* Rates.xcdatamodeld in Sources */,
				2C53282F1E2A69D700F6FD71 /* DataStack.swift in Sources */,
				2C53281A1E2A5FDD00F6FD71 /* AppDelegate.swift in Sources */,
			);
			runOnlyForDeploymentPostprocessing = 0;
		};
/* End PBXSourcesBuildPhase section */

/* Begin PBXVariantGroup section */
		2C53281D1E2A5FDD00F6FD71 /* Main.storyboard */ = {
			isa = PBXVariantGroup;
			children = (
				2C53281E1E2A5FDD00F6FD71 /* Base */,
			);
			name = Main.storyboard;
			sourceTree = "<group>";
		};
		2C5328251E2A5FDD00F6FD71 /* LaunchScreen.storyboard */ = {
			isa = PBXVariantGroup;
			children = (
				2C5328261E2A5FDD00F6FD71 /* Base */,
			);
			name = LaunchScreen.storyboard;
			sourceTree = "<group>";
		};
/* End PBXVariantGroup section */

/* Begin XCBuildConfiguration section */
		2C5328291E2A5FDE00F6FD71 /* Debug */ = {
			isa = XCBuildConfiguration;
			buildSettings = {
				ALWAYS_SEARCH_USER_PATHS = NO;
				CLANG_ANALYZER_NONNULL = YES;
				CLANG_CXX_LANGUAGE_STANDARD = "gnu++0x";
				CLANG_CXX_LIBRARY = "libc++";
				CLANG_ENABLE_MODULES = YES;
				CLANG_ENABLE_OBJC_ARC = YES;
				CLANG_WARN_BOOL_CONVERSION = YES;
				CLANG_WARN_CONSTANT_CONVERSION = YES;
				CLANG_WARN_DIRECT_OBJC_ISA_USAGE = YES_ERROR;
				CLANG_WARN_DOCUMENTATION_COMMENTS = YES;
				CLANG_WARN_EMPTY_BODY = YES;
				CLANG_WARN_ENUM_CONVERSION = YES;
				CLANG_WARN_INFINITE_RECURSION = YES;
				CLANG_WARN_INT_CONVERSION = YES;
				CLANG_WARN_OBJC_ROOT_CLASS = YES_ERROR;
				CLANG_WARN_SUSPICIOUS_MOVE = YES;
				CLANG_WARN_UNREACHABLE_CODE = YES;
				CLANG_WARN__DUPLICATE_METHOD_MATCH = YES;
				"CODE_SIGN_IDENTITY[sdk=iphoneos*]" = "iPhone Developer";
				COPY_PHASE_STRIP = NO;
				DEBUG_INFORMATION_FORMAT = dwarf;
				ENABLE_STRICT_OBJC_MSGSEND = YES;
				ENABLE_TESTABILITY = YES;
				GCC_C_LANGUAGE_STANDARD = gnu99;
				GCC_DYNAMIC_NO_PIC = NO;
				GCC_NO_COMMON_BLOCKS = YES;
				GCC_OPTIMIZATION_LEVEL = 0;
				GCC_PREPROCESSOR_DEFINITIONS = (
					"DEBUG=1",
					"$(inherited)",
				);
				GCC_WARN_64_TO_32_BIT_CONVERSION = YES;
				GCC_WARN_ABOUT_RETURN_TYPE = YES_ERROR;
				GCC_WARN_UNDECLARED_SELECTOR = YES;
				GCC_WARN_UNINITIALIZED_AUTOS = YES_AGGRESSIVE;
				GCC_WARN_UNUSED_FUNCTION = YES;
				GCC_WARN_UNUSED_VARIABLE = YES;
				IPHONEOS_DEPLOYMENT_TARGET = 10.2;
				MTL_ENABLE_DEBUG_INFO = YES;
				ONLY_ACTIVE_ARCH = YES;
				SDKROOT = iphoneos;
				SWIFT_ACTIVE_COMPILATION_CONDITIONS = DEBUG;
				SWIFT_OPTIMIZATION_LEVEL = "-Onone";
				TARGETED_DEVICE_FAMILY = "1,2";
			};
			name = Debug;
		};
		2C53282A1E2A5FDE00F6FD71 /* Release */ = {
			isa = XCBuildConfiguration;
			buildSettings = {
				ALWAYS_SEARCH_USER_PATHS = NO;
				CLANG_ANALYZER_NONNULL = YES;
				CLANG_CXX_LANGUAGE_STANDARD = "gnu++0x";
				CLANG_CXX_LIBRARY = "libc++";
				CLANG_ENABLE_MODULES = YES;
				CLANG_ENABLE_OBJC_ARC = YES;
				CLANG_WARN_BOOL_CONVERSION = YES;
				CLANG_WARN_CONSTANT_CONVERSION = YES;
				CLANG_WARN_DIRECT_OBJC_ISA_USAGE = YES_ERROR;
				CLANG_WARN_DOCUMENTATION_COMMENTS = YES;
				CLANG_WARN_EMPTY_BODY = YES;
				CLANG_WARN_ENUM_CONVERSION = YES;
				CLANG_WARN_INFINITE_RECURSION = YES;
				CLANG_WARN_INT_CONVERSION = YES;
				CLANG_WARN_OBJC_ROOT_CLASS = YES_ERROR;
				CLANG_WARN_SUSPICIOUS_MOVE = YES;
				CLANG_WARN_UNREACHABLE_CODE = YES;
				CLANG_WARN__DUPLICATE_METHOD_MATCH = YES;
				"CODE_SIGN_IDENTITY[sdk=iphoneos*]" = "iPhone Developer";
				COPY_PHASE_STRIP = NO;
				DEBUG_INFORMATION_FORMAT = "dwarf-with-dsym";
				ENABLE_NS_ASSERTIONS = NO;
				ENABLE_STRICT_OBJC_MSGSEND = YES;
				GCC_C_LANGUAGE_STANDARD = gnu99;
				GCC_NO_COMMON_BLOCKS = YES;
				GCC_WARN_64_TO_32_BIT_CONVERSION = YES;
				GCC_WARN_ABOUT_RETURN_TYPE = YES_ERROR;
				GCC_WARN_UNDECLARED_SELECTOR = YES;
				GCC_WARN_UNINITIALIZED_AUTOS = YES_AGGRESSIVE;
				GCC_WARN_UNUSED_FUNCTION = YES;
				GCC_WARN_UNUSED_VARIABLE = YES;
				IPHONEOS_DEPLOYMENT_TARGET = 10.2;
				MTL_ENABLE_DEBUG_INFO = NO;
				SDKROOT = iphoneos;
				SWIFT_OPTIMIZATION_LEVEL = "-Owholemodule";
				TARGETED_DEVICE_FAMILY = "1,2";
				VALIDATE_PRODUCT = YES;
			};
			name = Release;
		};
		2C53282C1E2A5FDE00F6FD71 /* Debug */ = {
			isa = XCBuildConfiguration;
			buildSettings = {
				ASSETCATALOG_COMPILER_APPICON_NAME = AppIcon;
				DEVELOPMENT_TEAM = 292K3XX9N4;
				INFOPLIST_FILE = Rates/Info.plist;
				LD_RUNPATH_SEARCH_PATHS = "$(inherited) @executable_path/Frameworks";
				PRODUCT_BUNDLE_IDENTIFIER = "Dmitriy-Chervyakov.Rates";
				PRODUCT_NAME = "$(TARGET_NAME)";
				SWIFT_VERSION = 3.0;
			};
			name = Debug;
		};
		2C53282D1E2A5FDE00F6FD71 /* Release */ = {
			isa = XCBuildConfiguration;
			buildSettings = {
				ASSETCATALOG_COMPILER_APPICON_NAME = AppIcon;
				DEVELOPMENT_TEAM = 292K3XX9N4;
				INFOPLIST_FILE = Rates/Info.plist;
				LD_RUNPATH_SEARCH_PATHS = "$(inherited) @executable_path/Frameworks";
				PRODUCT_BUNDLE_IDENTIFIER = "Dmitriy-Chervyakov.Rates";
				PRODUCT_NAME = "$(TARGET_NAME)";
				SWIFT_VERSION = 3.0;
			};
			name = Release;
		};
/* End XCBuildConfiguration section */

/* Begin XCConfigurationList section */
		2C5328111E2A5FDD00F6FD71 /* Build configuration list for PBXProject "Rates" */ = {
			isa = XCConfigurationList;
			buildConfigurations = (
				2C5328291E2A5FDE00F6FD71 /* Debug */,
				2C53282A1E2A5FDE00F6FD71 /* Release */,
			);
			defaultConfigurationIsVisible = 0;
			defaultConfigurationName = Release;
		};
		2C53282B1E2A5FDE00F6FD71 /* Build configuration list for PBXNativeTarget "Rates" */ = {
			isa = XCConfigurationList;
			buildConfigurations = (
				2C53282C1E2A5FDE00F6FD71 /* Debug */,
				2C53282D1E2A5FDE00F6FD71 /* Release */,
			);
			defaultConfigurationIsVisible = 0;
		};
/* End XCConfigurationList section */

/* Begin XCVersionGroup section */
		2C5328201E2A5FDD00F6FD71 /* Rates.xcdatamodeld */ = {
			isa = XCVersionGroup;
			children = (
				2C5328211E2A5FDD00F6FD71 /* Rates.xcdatamodel */,
			);
			currentVersion = 2C5328211E2A5FDD00F6FD71 /* Rates.xcdatamodel */;
			path = Rates.xcdatamodeld;
			sourceTree = "<group>";
			versionGroupType = wrapper.xcdatamodel;
		};
/* End XCVersionGroup section */
	};
	rootObject = 2C53280E1E2A5FDD00F6FD71 /* Project object */;
}
